
Microsoft Visual Studio Solution File, Format Version 11.00
# Visual Studio 2010
# SharpDevelop 4.4
Project("{FAE04EC0-301F-11D3-BF4B-00C04F79EFBC}") = "PLD-Project", "PLD-Project\PLD-Project.csproj", "{21670B7D-2DDE-4FAD-805C-4DE51A1316B6}"
EndProject
Global
	GlobalSection(SolutionConfigurationPlatforms) = preSolution
		Debug|Any CPU = Debug|Any CPU
		Release|Any CPU = Release|Any CPU
	EndGlobalSection
	GlobalSection(ProjectConfigurationPlatforms) = postSolution
		{21670B7D-2DDE-4FAD-805C-4DE51A1316B6}.Debug|Any CPU.Build.0 = Debug|Any CPU
		{21670B7D-2DDE-4FAD-805C-4DE51A1316B6}.Debug|Any CPU.ActiveCfg = Debug|Any CPU
		{21670B7D-2DDE-4FAD-805C-4DE51A1316B6}.Release|Any CPU.Build.0 = Release|Any CPU
		{21670B7D-2DDE-4FAD-805C-4DE51A1316B6}.Release|Any CPU.ActiveCfg = Release|Any CPU
	EndGlobalSection
EndGlobal
